github.com/3d0c/gmf v0.0.0-20220906170454-be727bc5b56c h1:8i+Ctl/XBV/MINPveOAMGjJO2XiObXmYe/j4vAEL+3s=
github.com/3d0c/gmf v0.0.0-20220906170454-be727bc5b56c/go.mod h1:PqcBsVCdnbbM6CMlSSPQMtmUyMfxF+Zjddh957qOzMw=
github.com/AlexEidt/Vidio v1.5.1 h1:tovwvtgQagUz1vifiL9OeWkg1fP/XUzFazFKh7tFtaE=
github.com/AlexEidt/Vidio v1.5.1/go.mod h1:djhIMnWMqPrC3X6nB6ymGX6uWWlgw+VayYGKE1bNwmI=
github.com/adrianrudnik/base45-go v1.0.2 h1:ULdtmhwsINrY3MahpPgjU45H1TT1AK1OOK0V7553uSU=
github.com/adrianrudnik/base45-go v1.0.2/go.mod h1:ggs09nZZbVefXVyUqVwBu57QpQ+HQYjowz5Ix73GxxA=
github.com/bits-and-blooms/bitset v1.2.1 h1:M+/hrU9xlMp7t4TyTDQW97d3tRPVuKFC6zBEK16QnXY=
github.com/bits-and-blooms/bitset v1.2.1/go.mod h1:gIdJ4wp64HaoK2YrL1Q5/N7Y16edYb8uY+O0FJTyyDA=
github.com/davecgh/go-spew v1.1.0/go.mod h1:J7Y8YcW2NihsgmVo/mv3lAwl/skON4iLHjSsI+c5H38=
github.com/disintegration/imaging v1.6.2 h1:w1LecBlG2Lnp8B3jk5zSuNqd7b4DXhcjwek1ei82L+c=
github.com/disintegration/imaging v1.6.2/go.mod h1:44/5580QXChDfwIclfc/PCwrr44amcmDAg8hxG0Ewe4=
github.com/google/uuid v1.3.0 h1:t6JiXgmwXMjEs8VusXIJk2BXHsn+wx8BZdTaoZ5fu7I=
github.com/google/uuid v1.3.0/go.mod h1:TIyPZe4MgqvfeYDBFedMoGGpEw/LqOeaOT+nhxU+yHo=
github.com/maruel/rs v1.1.0 h1:dh4OceAF5yD06EASOrb+DS358LI4g0B90YApSdjCP6U=
github.com/maruel/rs v1.1.0/go.mod h1:vzwMjzSJJxLIXmU62qHj6O5QRn5kvCKxFrfaFCxBcUY=
github.com/pmezard/go-difflib v1.0.0/go.mod h1:iKH77koFhYxTK1pcRnkKkqfTogsbg7gZNVY4sRDYZ/4=
github.com/skip2/go-qrcode v0.0.0-20200617195104-da1b6568686e h1:MRM5ITcdelLK2j1vwZ3Je0FKVCfqOLp5zO6trqMLYs0=
github.com/skip2/go-qrcode v0.0.0-20200617195104-da1b6568686e/go.mod h1:XV66xRDqSt+GTGFMVlhk3ULuV0y9ZmzeVGR4mloJI3M=
github.com/stretchr/objx v0.1.0/go.mod h1:HFkY916IF+rwdDfMAkV7OtwuqBVzrE8GR6GFx+wExME=
github.com/stretchr/testify v1.7.1/go.mod h1:6Fq8oRcR53rry900zMqJjRRixrwX3KX962/h/Wwjteg=
github.com/tuotoo/qrcode v0.0.0-20220425170535-52ccc2bebf5d h1:4x1FeGJRB00cvxnKXnRJDT89fvG/Lzm2ecm0vlr/qDs=
github.com/tuotoo/qrcode v0.0.0-20220425170535-52ccc2bebf5d/go.mod h1:uSELzeIcTceNCgzbKdJuJa0ouCqqtkyzL+6bnA3rM+M=
golang.org/x/image v0.0.0-20191009234506-e7c1f5e7dbb8/go.mod h1:FeLwcggjj3mMvU+oOTbSwawSJRM1uh48EjtB4UJZlP0=
golang.org/x/image v0.15.0 h1:kOELfmgrmJlw4Cdb7g/QGuB3CvDrXbqEIww/pNtNBm8=
golang.org/x/image v0.15.0/go.mod h1:HUYqC05R2ZcZ3ejNQsIHQDQiwWM4JBqmm6MKANTp4LE=
golang.org/x/text v0.3.0/go.mod h1:NqM8EUOU14njkJ3fqMW+pc6Ldnwhi/IjpwHt7yyuwOQ=
gopkg.in/check.v1 v0.0.0-20161208181325-20d25e280405/go.mod h1:Co6ibVJAznAaIkqp8huTwlJQCZ016jof/cbN4VW5Yz0=
gopkg.in/yaml.v3 v3.0.0-20200313102051-9f266ea9e77c/go.mod h1:K4uyk7z7BCEPqu6E+C64Yfv1cQ7kz7rIZviUmN+EgEM=
rsc.io/qr v0.2.0 h1:6vBLea5/NRMVTz8V66gipeLycZMl/+UlFmk8DvqQ6WY=
rsc.io/qr v0.2.0/go.mod h1:IF+uZjkb9fqyeF/4tlBoynqmQxUoPfWEKh921coOuXs=
